// !$*UTF8*$!
{
	archiveVersion = 1;
	classes = {
	};
	objectVersion = 46;
	objects = {

/* Begin PBXBuildFile section */
		2D8B6DAF1B387E8A000375D7 /* main.m in Sources */ = {isa = PBXBuildFile; fileRef = 2D8B6DAE1B387E8A000375D7 /* main.m */; };
		2D8B6DB21B387E8A000375D7 /* AppDelegate.m in Sources */ = {isa = PBXBuildFile; fileRef = 2D8B6DB11B387E8A000375D7 /* AppDelegate.m */; };
		2D8B6DB51B387E8A000375D7 /* ViewController.m in Sources */ = {isa = PBXBuildFile; fileRef = 2D8B6DB41B387E8A000375D7 /* ViewController.m */; };
		2D8B6DB81B387E8A000375D7 /* Main.storyboard in Resources */ = {isa = PBXBuildFile; fileRef = 2D8B6DB61B387E8A000375D7 /* Main.storyboard */; };
		2D8B6DBA1B387E8A000375D7 /* Images.xcassets in Resources */ = {isa = PBXBuildFile; fileRef = 2D8B6DB91B387E8A000375D7 /* Images.xcassets */; };
		2D8B6DBD1B387E8A000375D7 /* LaunchScreen.xib in Resources */ = {isa = PBXBuildFile; fileRef = 2D8B6DBB1B387E8A000375D7 /* LaunchScreen.xib */; };
		2D8B6DC91B387E8A000375D7 /* AFContinuityNavigationControllerTests.m in Sources */ = {isa = PBXBuildFile; fileRef = 2D8B6DC81B387E8A000375D7 /* AFContinuityNavigationControllerTests.m */; };
		2D8B6DDF1B387EEF000375D7 /* AFMContinuityNavigationController.m in Sources */ = {isa = PBXBuildFile; fileRef = 2D8B6DD41B387EEF000375D7 /* AFMContinuityNavigationController.m */; };
		2D8B6DE01B387EEF000375D7 /* AFMContinuityNavigationControllerTransition.m in Sources */ = {isa = PBXBuildFile; fileRef = 2D8B6DD61B387EEF000375D7 /* AFMContinuityNavigationControllerTransition.m */; };
		2D8B6DE11B387EEF000375D7 /* AFUTitleView.m in Sources */ = {isa = PBXBuildFile; fileRef = 2D8B6DD81B387EEF000375D7 /* AFUTitleView.m */; };
		2D8B6DE21B387EEF000375D7 /* AFMInteractivePopController.m in Sources */ = {isa = PBXBuildFile; fileRef = 2D8B6DDA1B387EEF000375D7 /* AFMInteractivePopController.m */; };
		2D8B6DE31B387EEF000375D7 /* UINavigationBar+AFMContinuityNavigationControllerMetrics.m in Sources */ = {isa = PBXBuildFile; fileRef = 2D8B6DDC1B387EEF000375D7 /* UINavigationBar+AFMContinuityNavigationControllerMetrics.m */; };
		2D8B6DE41B387EEF000375D7 /* UINavigationItem+AFMContinuityNavigationController.m in Sources */ = {isa = PBXBuildFile; fileRef = 2D8B6DDE1B387EEF000375D7 /* UINavigationItem+AFMContinuityNavigationController.m */; };
		2D8B6DE71B387F42000375D7 /* AFUMorphView.m in Sources */ = {isa = PBXBuildFile; fileRef = 2D8B6DE61B387F42000375D7 /* AFUMorphView.m */; };
		2D8B6DEA1B387F84000375D7 /* AFUtils.m in Sources */ = {isa = PBXBuildFile; fileRef = 2D8B6DE91B387F84000375D7 /* AFUtils.m */; };
		2D8B6DEF1B388008000375D7 /* AFMProxy.m in Sources */ = {isa = PBXBuildFile; fileRef = 2D8B6DEC1B388008000375D7 /* AFMProxy.m */; };
		2D8B6DF01B388008000375D7 /* AFMDelegateWrapper.m in Sources */ = {isa = PBXBuildFile; fileRef = 2D8B6DEE1B388008000375D7 /* AFMDelegateWrapper.m */; };
		2D8B6DF31B388019000375D7 /* NSInvocation+Copy.m in Sources */ = {isa = PBXBuildFile; fileRef = 2D8B6DF21B388019000375D7 /* NSInvocation+Copy.m */; };
		2D8B6DF61B38841F000375D7 /* TableViewController.m in Sources */ = {isa = PBXBuildFile; fileRef = 2D8B6DF51B38841F000375D7 /* TableViewController.m */; };
/* End PBXBuildFile section */

/* Begin PBXContainerItemProxy section */
		2D8B6DC31B387E8A000375D7 /* PBXContainerItemProxy */ = {
			isa = PBXContainerItemProxy;
			containerPortal = 2D8B6DA11B387E8A000375D7 /* Project object */;
			proxyType = 1;
			remoteGlobalIDString = 2D8B6DA81B387E8A000375D7;
			remoteInfo = AFContinuityNavigationController;
		};
/* End PBXContainerItemProxy section */

/* Begin PBXFileReference section */
		2D8B6DA91B387E8A000375D7 /* AFContinuityNavigationController.app */ = {isa = PBXFileReference; explicitFileType = wrapper.application; includeInIndex = 0; path = AFContinuityNavigationController.app; sourceTree = BUILT_PRODUCTS_DIR; };
		2D8B6DAD1B387E8A000375D7 /* Info.plist */ = {isa = PBXFileReference; lastKnownFileType = text.plist.xml; path = Info.plist; sourceTree = "<group>"; };
		2D8B6DAE1B387E8A000375D7 /* main.m */ = {isa = PBXFileReference; lastKnownFileType = sourcecode.c.objc; path = main.m; sourceTree = "<group>"; };
		2D8B6DB01B387E8A000375D7 /* AppDelegate.h */ = {isa = PBXFileReference; lastKnownFileType = sourcecode.c.h; path = AppDelegate.h; sourceTree = "<group>"; };
		2D8B6DB11B387E8A000375D7 /* AppDelegate.m */ = {isa = PBXFileReference; lastKnownFileType = sourcecode.c.objc; path = AppDelegate.m; sourceTree = "<group>"; };
		2D8B6DB31B387E8A000375D7 /* ViewController.h */ = {isa = PBXFileReference; lastKnownFileType = sourcecode.c.h; path = ViewController.h; sourceTree = "<group>"; };
		2D8B6DB41B387E8A000375D7 /* ViewController.m */ = {isa = PBXFileReference; lastKnownFileType = sourcecode.c.objc; path = ViewController.m; sourceTree = "<group>"; };
		2D8B6DB71B387E8A000375D7 /* Base */ = {isa = PBXFileReference; lastKnownFileType = file.storyboard; name = Base; path = Base.lproj/Main.storyboard; sourceTree = "<group>"; };
		2D8B6DB91B387E8A000375D7 /* Images.xcassets */ = {isa = PBXFileReference; lastKnownFileType = folder.assetcatalog; path = Images.xcassets; sourceTree = "<group>"; };
		2D8B6DBC1B387E8A000375D7 /* Base */ = {isa = PBXFileReference; lastKnownFileType = file.xib; name = Base; path = Base.lproj/LaunchScreen.xib; sourceTree = "<group>"; };
		2D8B6DC21B387E8A000375D7 /* AFContinuityNavigationControllerTests.xctest */ = {isa = PBXFileReference; explicitFileType = wrapper.cfbundle; includeInIndex = 0; path = AFContinuityNavigationControllerTests.xctest; sourceTree = BUILT_PRODUCTS_DIR; };
		2D8B6DC71B387E8A000375D7 /* Info.plist */ = {isa = PBXFileReference; lastKnownFileType = text.plist.xml; path = Info.plist; sourceTree = "<group>"; };
		2D8B6DC81B387E8A000375D7 /* AFContinuityNavigationControllerTests.m */ = {isa = PBXFileReference; lastKnownFileType = sourcecode.c.objc; path = AFContinuityNavigationControllerTests.m; sourceTree = "<group>"; };
		2D8B6DD31B387EEF000375D7 /* AFMContinuityNavigationController.h */ = {isa = PBXFileReference; fileEncoding = 4; lastKnownFileType = sourcecode.c.h; path = AFMContinuityNavigationController.h; sourceTree = "<group>"; };
		2D8B6DD41B387EEF000375D7 /* AFMContinuityNavigationController.m */ = {isa = PBXFileReference; fileEncoding = 4; lastKnownFileType = sourcecode.c.objc; path = AFMContinuityNavigationController.m; sourceTree = "<group>"; };
		2D8B6DD51B387EEF000375D7 /* AFMContinuityNavigationControllerTransition.h */ = {isa = PBXFileReference; fileEncoding = 4; lastKnownFileType = sourcecode.c.h; path = AFMContinuityNavigationControllerTransition.h; sourceTree = "<group>"; };
		2D8B6DD61B387EEF000375D7 /* AFMContinuityNavigationControllerTransition.m */ = {isa = PBXFileReference; fileEncoding = 4; lastKnownFileType = sourcecode.c.objc; path = AFMContinuityNavigationControllerTransition.m; sourceTree = "<group>"; };
		2D8B6DD71B387EEF000375D7 /* AFUTitleView.h */ = {isa = PBXFileReference; fileEncoding = 4; lastKnownFileType = sourcecode.c.h; path = AFUTitleView.h; sourceTree = "<group>"; };
		2D8B6DD81B387EEF000375D7 /* AFUTitleView.m */ = {isa = PBXFileReference; fileEncoding = 4; lastKnownFileType = sourcecode.c.objc; path = AFUTitleView.m; sourceTree = "<group>"; };
		2D8B6DD91B387EEF000375D7 /* AFMInteractivePopController.h */ = {isa = PBXFileReference; fileEncoding = 4; lastKnownFileType = sourcecode.c.h; path = AFMInteractivePopController.h; sourceTree = "<group>"; };
		2D8B6DDA1B387EEF000375D7 /* AFMInteractivePopController.m */ = {isa = PBXFileReference; fileEncoding = 4; lastKnownFileType = sourcecode.c.objc; path = AFMInteractivePopController.m; sourceTree = "<group>"; };
		2D8B6DDB1B387EEF000375D7 /* UINavigationBar+AFMContinuityNavigationControllerMetrics.h */ = {isa = PBXFileReference; fileEncoding = 4; lastKnownFileType = sourcecode.c.h; path = "UINavigationBar+AFMContinuityNavigationControllerMetrics.h"; sourceTree = "<group>"; };
		2D8B6DDC1B387EEF000375D7 /* UINavigationBar+AFMContinuityNavigationControllerMetrics.m */ = {isa = PBXFileReference; fileEncoding = 4; lastKnownFileType = sourcecode.c.objc; path = "UINavigationBar+AFMContinuityNavigationControllerMetrics.m"; sourceTree = "<group>"; };
		2D8B6DDD1B387EEF000375D7 /* UINavigationItem+AFMContinuityNavigationController.h */ = {isa = PBXFileReference; fileEncoding = 4; lastKnownFileType = sourcecode.c.h; path = "UINavigationItem+AFMContinuityNavigationController.h"; sourceTree = "<group>"; };
		2D8B6DDE1B387EEF000375D7 /* UINavigationItem+AFMContinuityNavigationController.m */ = {isa = PBXFileReference; fileEncoding = 4; lastKnownFileType = sourcecode.c.objc; path = "UINavigationItem+AFMContinuityNavigationController.m"; sourceTree = "<group>"; };
		2D8B6DE51B387F42000375D7 /* AFUMorphView.h */ = {isa = PBXFileReference; fileEncoding = 4; lastKnownFileType = sourcecode.c.h; path = AFUMorphView.h; sourceTree = "<group>"; };
		2D8B6DE61B387F42000375D7 /* AFUMorphView.m */ = {isa = PBXFileReference; fileEncoding = 4; lastKnownFileType = sourcecode.c.objc; path = AFUMorphView.m; sourceTree = "<group>"; };
		2D8B6DE81B387F84000375D7 /* AFUtils.h */ = {isa = PBXFileReference; fileEncoding = 4; lastKnownFileType = sourcecode.c.h; path = AFUtils.h; sourceTree = "<group>"; };
		2D8B6DE91B387F84000375D7 /* AFUtils.m */ = {isa = PBXFileReference; fileEncoding = 4; lastKnownFileType = sourcecode.c.objc; path = AFUtils.m; sourceTree = "<group>"; };
		2D8B6DEB1B388008000375D7 /* AFMProxy.h */ = {isa = PBXFileReference; fileEncoding = 4; lastKnownFileType = sourcecode.c.h; path = AFMProxy.h; sourceTree = "<group>"; };
		2D8B6DEC1B388008000375D7 /* AFMProxy.m */ = {isa = PBXFileReference; fileEncoding = 4; lastKnownFileType = sourcecode.c.objc; path = AFMProxy.m; sourceTree = "<group>"; };
		2D8B6DED1B388008000375D7 /* AFMDelegateWrapper.h */ = {isa = PBXFileReference; fileEncoding = 4; lastKnownFileType = sourcecode.c.h; path = AFMDelegateWrapper.h; sourceTree = "<group>"; };
		2D8B6DEE1B388008000375D7 /* AFMDelegateWrapper.m */ = {isa = PBXFileReference; fileEncoding = 4; lastKnownFileType = sourcecode.c.objc; path = AFMDelegateWrapper.m; sourceTree = "<group>"; };
		2D8B6DF11B388019000375D7 /* NSInvocation+Copy.h */ = {isa = PBXFileReference; fileEncoding = 4; lastKnownFileType = sourcecode.c.h; path = "NSInvocation+Copy.h"; sourceTree = "<group>"; };
		2D8B6DF21B388019000375D7 /* NSInvocation+Copy.m */ = {isa = PBXFileReference; fileEncoding = 4; lastKnownFileType = sourcecode.c.objc; path = "NSInvocation+Copy.m"; sourceTree = "<group>"; };
		2D8B6DF41B38841F000375D7 /* TableViewController.h */ = {isa = PBXFileReference; fileEncoding = 4; lastKnownFileType = sourcecode.c.h; path = TableViewController.h; sourceTree = "<group>"; };
		2D8B6DF51B38841F000375D7 /* TableViewController.m */ = {isa = PBXFileReference; fileEncoding = 4; lastKnownFileType = sourcecode.c.objc; path = TableViewController.m; sourceTree = "<group>"; };
/* End PBXFileReference section */

/* Begin PBXFrameworksBuildPhase section */
		2D8B6DA61B387E8A000375D7 /* Frameworks */ = {
			isa = PBXFrameworksBuildPhase;
			buildActionMask = 2147483647;
			files = (
			);
			runOnlyForDeploymentPostprocessing = 0;
		};
		2D8B6DBF1B387E8A000375D7 /* Frameworks */ = {
			isa = PBXFrameworksBuildPhase;
			buildActionMask = 2147483647;
			files = (
			);
			runOnlyForDeploymentPostprocessing = 0;
		};
/* End PBXFrameworksBuildPhase section */

/* Begin PBXGroup section */
		2D8B6DA01B387E8A000375D7 = {
			isa = PBXGroup;
			children = (
				2D8B6DAB1B387E8A000375D7 /* AFContinuityNavigationController */,
				2D8B6DC51B387E8A000375D7 /* AFContinuityNavigationControllerTests */,
				2D8B6DAA1B387E8A000375D7 /* Products */,
			);
			sourceTree = "<group>";
		};
		2D8B6DAA1B387E8A000375D7 /* Products */ = {
			isa = PBXGroup;
			children = (
				2D8B6DA91B387E8A000375D7 /* AFContinuityNavigationController.app */,
				2D8B6DC21B387E8A000375D7 /* AFContinuityNavigationControllerTests.xctest */,
			);
			name = Products;
			sourceTree = "<group>";
		};
		2D8B6DAB1B387E8A000375D7 /* AFContinuityNavigationController */ = {
			isa = PBXGroup;
			children = (
				2D8B6DD21B387ED5000375D7 /* Lib */,
				2D8B6DB01B387E8A000375D7 /* AppDelegate.h */,
				2D8B6DB11B387E8A000375D7 /* AppDelegate.m */,
				2D8B6DB31B387E8A000375D7 /* ViewController.h */,
				2D8B6DB41B387E8A000375D7 /* ViewController.m */,
				2D8B6DF41B38841F000375D7 /* TableViewController.h */,
				2D8B6DF51B38841F000375D7 /* TableViewController.m */,
				2D8B6DB61B387E8A000375D7 /* Main.storyboard */,
				2D8B6DB91B387E8A000375D7 /* Images.xcassets */,
				2D8B6DBB1B387E8A000375D7 /* LaunchScreen.xib */,
				2D8B6DAC1B387E8A000375D7 /* Supporting Files */,
			);
			path = AFContinuityNavigationController;
			sourceTree = "<group>";
		};
		2D8B6DAC1B387E8A000375D7 /* Supporting Files */ = {
			isa = PBXGroup;
			children = (
				2D8B6DAD1B387E8A000375D7 /* Info.plist */,
				2D8B6DAE1B387E8A000375D7 /* main.m */,
			);
			name = "Supporting Files";
			sourceTree = "<group>";
		};
		2D8B6DC51B387E8A000375D7 /* AFContinuityNavigationControllerTests */ = {
			isa = PBXGroup;
			children = (
				2D8B6DC81B387E8A000375D7 /* AFContinuityNavigationControllerTests.m */,
				2D8B6DC61B387E8A000375D7 /* Supporting Files */,
			);
			path = AFContinuityNavigationControllerTests;
			sourceTree = "<group>";
		};
		2D8B6DC61B387E8A000375D7 /* Supporting Files */ = {
			isa = PBXGroup;
			children = (
				2D8B6DC71B387E8A000375D7 /* Info.plist */,
			);
			name = "Supporting Files";
			sourceTree = "<group>";
		};
		2D8B6DD21B387ED5000375D7 /* Lib */ = {
			isa = PBXGroup;
			children = (
				2D8B6DE51B387F42000375D7 /* AFUMorphView.h */,
				2D8B6DE61B387F42000375D7 /* AFUMorphView.m */,
				2D8B6DD31B387EEF000375D7 /* AFMContinuityNavigationController.h */,
				2D8B6DD41B387EEF000375D7 /* AFMContinuityNavigationController.m */,
				2D8B6DD51B387EEF000375D7 /* AFMContinuityNavigationControllerTransition.h */,
				2D8B6DD61B387EEF000375D7 /* AFMContinuityNavigationControllerTransition.m */,
				2D8B6DD71B387EEF000375D7 /* AFUTitleView.h */,
				2D8B6DD81B387EEF000375D7 /* AFUTitleView.m */,
				2D8B6DD91B387EEF000375D7 /* AFMInteractivePopController.h */,
				2D8B6DDA1B387EEF000375D7 /* AFMInteractivePopController.m */,
				2D8B6DDB1B387EEF000375D7 /* UINavigationBar+AFMContinuityNavigationControllerMetrics.h */,
				2D8B6DDC1B387EEF000375D7 /* UINavigationBar+AFMContinuityNavigationControllerMetrics.m */,
				2D8B6DDD1B387EEF000375D7 /* UINavigationItem+AFMContinuityNavigationController.h */,
				2D8B6DDE1B387EEF000375D7 /* UINavigationItem+AFMContinuityNavigationController.m */,
				2D8B6DE81B387F84000375D7 /* AFUtils.h */,
				2D8B6DE91B387F84000375D7 /* AFUtils.m */,
				2D8B6DEB1B388008000375D7 /* AFMProxy.h */,
				2D8B6DEC1B388008000375D7 /* AFMProxy.m */,
				2D8B6DED1B388008000375D7 /* AFMDelegateWrapper.h */,
				2D8B6DEE1B388008000375D7 /* AFMDelegateWrapper.m */,
				2D8B6DF11B388019000375D7 /* NSInvocation+Copy.h */,
				2D8B6DF21B388019000375D7 /* NSInvocation+Copy.m */,
			);
			name = Lib;
			sourceTree = "<group>";
		};
/* End PBXGroup section */

/* Begin PBXNativeTarget section */
		2D8B6DA81B387E8A000375D7 /* AFContinuityNavigationController */ = {
			isa = PBXNativeTarget;
			buildConfigurationList = 2D8B6DCC1B387E8A000375D7 /* Build configuration list for PBXNativeTarget "AFContinuityNavigationController" */;
			buildPhases = (
				2D8B6DA51B387E8A000375D7 /* Sources */,
				2D8B6DA61B387E8A000375D7 /* Frameworks */,
				2D8B6DA71B387E8A000375D7 /* Resources */,
			);
			buildRules = (
			);
			dependencies = (
			);
			name = AFContinuityNavigationController;
			productName = AFContinuityNavigationController;
			productReference = 2D8B6DA91B387E8A000375D7 /* AFContinuityNavigationController.app */;
			productType = "com.apple.product-type.application";
		};
		2D8B6DC11B387E8A000375D7 /* AFContinuityNavigationControllerTests */ = {
			isa = PBXNativeTarget;
			buildConfigurationList = 2D8B6DCF1B387E8A000375D7 /* Build configuration list for PBXNativeTarget "AFContinuityNavigationControllerTests" */;
			buildPhases = (
				2D8B6DBE1B387E8A000375D7 /* Sources */,
				2D8B6DBF1B387E8A000375D7 /* Frameworks */,
				2D8B6DC01B387E8A000375D7 /* Resources */,
			);
			buildRules = (
			);
			dependencies = (
				2D8B6DC41B387E8A000375D7 /* PBXTargetDependency */,
			);
			name = AFContinuityNavigationControllerTests;
			productName = AFContinuityNavigationControllerTests;
			productReference = 2D8B6DC21B387E8A000375D7 /* AFContinuityNavigationControllerTests.xctest */;
			productType = "com.apple.product-type.bundle.unit-test";
		};
/* End PBXNativeTarget section */

/* Begin PBXProject section */
		2D8B6DA11B387E8A000375D7 /* Project object */ = {
			isa = PBXProject;
			attributes = {
				LastUpgradeCheck = 0630;
				ORGANIZATIONNAME = "Oz Michaeli";
				TargetAttributes = {
					2D8B6DA81B387E8A000375D7 = {
						CreatedOnToolsVersion = 6.3.1;
					};
					2D8B6DC11B387E8A000375D7 = {
						CreatedOnToolsVersion = 6.3.1;
						TestTargetID = 2D8B6DA81B387E8A000375D7;
					};
				};
			};
			buildConfigurationList = 2D8B6DA41B387E8A000375D7 /* Build configuration list for PBXProject "AFContinuityNavigationController" */;
			compatibilityVersion = "Xcode 3.2";
			developmentRegion = English;
			hasScannedForEncodings = 0;
			knownRegions = (
				en,
				Base,
			);
			mainGroup = 2D8B6DA01B387E8A000375D7;
			productRefGroup = 2D8B6DAA1B387E8A000375D7 /* Products */;
			projectDirPath = "";
			projectRoot = "";
			targets = (
				2D8B6DA81B387E8A000375D7 /* AFContinuityNavigationController */,
				2D8B6DC11B387E8A000375D7 /* AFContinuityNavigationControllerTests */,
			);
		};
/* End PBXProject section */

/* Begin PBXResourcesBuildPhase section */
		2D8B6DA71B387E8A000375D7 /* Resources */ = {
			isa = PBXResourcesBuildPhase;
			buildActionMask = 2147483647;
			files = (
				2D8B6DB81B387E8A000375D7 /* Main.storyboard in Resources */,
				2D8B6DBD1B387E8A000375D7 /* LaunchScreen.xib in Resources */,
				2D8B6DBA1B387E8A000375D7 /* Images.xcassets in Resources */,
			);
			runOnlyForDeploymentPostprocessing = 0;
		};
		2D8B6DC01B387E8A000375D7 /* Resources */ = {
			isa = PBXResourcesBuildPhase;
			buildActionMask = 2147483647;
			files = (
			);
			runOnlyForDeploymentPostprocessing = 0;
		};
/* End PBXResourcesBuildPhase section */

/* Begin PBXSourcesBuildPhase section */
		2D8B6DA51B387E8A000375D7 /* Sources */ = {
			isa = PBXSourcesBuildPhase;
			buildActionMask = 2147483647;
			files = (
				2D8B6DE31B387EEF000375D7 /* UINavigationBar+AFMContinuityNavigationControllerMetrics.m in Sources */,
				2D8B6DDF1B387EEF000375D7 /* AFMContinuityNavigationController.m in Sources */,
				2D8B6DE01B387EEF000375D7 /* AFMContinuityNavigationControllerTransition.m in Sources */,
				2D8B6DE11B387EEF000375D7 /* AFUTitleView.m in Sources */,
				2D8B6DE21B387EEF000375D7 /* AFMInteractivePopController.m in Sources */,
				2D8B6DE41B387EEF000375D7 /* UINavigationItem+AFMContinuityNavigationController.m in Sources */,
				2D8B6DF01B388008000375D7 /* AFMDelegateWrapper.m in Sources */,
				2D8B6DB51B387E8A000375D7 /* ViewController.m in Sources */,
				2D8B6DEF1B388008000375D7 /* AFMProxy.m in Sources */,
				2D8B6DEA1B387F84000375D7 /* AFUtils.m in Sources */,
				2D8B6DB21B387E8A000375D7 /* AppDelegate.m in Sources */,
				2D8B6DE71B387F42000375D7 /* AFUMorphView.m in Sources */,
				2D8B6DAF1B387E8A000375D7 /* main.m in Sources */,
				2D8B6DF61B38841F000375D7 /* TableViewController.m in Sources */,
				2D8B6DF31B388019000375D7 /* NSInvocation+Copy.m in Sources */,
			);
			runOnlyForDeploymentPostprocessing = 0;
		};
		2D8B6DBE1B387E8A000375D7 /* Sources */ = {
			isa = PBXSourcesBuildPhase;
			buildActionMask = 2147483647;
			files = (
				2D8B6DC91B387E8A000375D7 /* AFContinuityNavigationControllerTests.m in Sources */,
			);
			runOnlyForDeploymentPostprocessing = 0;
		};
/* End PBXSourcesBuildPhase section */

/* Begin PBXTargetDependency section */
		2D8B6DC41B387E8A000375D7 /* PBXTargetDependency */ = {
			isa = PBXTargetDependency;
			target = 2D8B6DA81B387E8A000375D7 /* AFContinuityNavigationController */;
			targetProxy = 2D8B6DC31B387E8A000375D7 /* PBXContainerItemProxy */;
		};
/* End PBXTargetDependency section */

/* Begin PBXVariantGroup section */
		2D8B6DB61B387E8A000375D7 /* Main.storyboard */ = {
			isa = PBXVariantGroup;
			children = (
				2D8B6DB71B387E8A000375D7 /* Base */,
			);
			name = Main.storyboard;
			sourceTree = "<group>";
		};
		2D8B6DBB1B387E8A000375D7 /* LaunchScreen.xib */ = {
			isa = PBXVariantGroup;
			children = (
				2D8B6DBC1B387E8A000375D7 /* Base */,
			);
			name = LaunchScreen.xib;
			sourceTree = "<group>";
		};
/* End PBXVariantGroup section */

/* Begin XCBuildConfiguration section */
		2D8B6DCA1B387E8A000375D7 /* Debug */ = {
			isa = XCBuildConfiguration;
			buildSettings = {
				ALWAYS_SEARCH_USER_PATHS = NO;
				CLANG_CXX_LANGUAGE_STANDARD = "gnu++0x";
				CLANG_CXX_LIBRARY = "libc++";
				CLANG_ENABLE_MODULES = YES;
				CLANG_ENABLE_OBJC_ARC = YES;
				CLANG_WARN_BOOL_CONVERSION = YES;
				CLANG_WARN_CONSTANT_CONVERSION = YES;
				CLANG_WARN_DIRECT_OBJC_ISA_USAGE = YES_ERROR;
				CLANG_WARN_EMPTY_BODY = YES;
				CLANG_WARN_ENUM_CONVERSION = YES;
				CLANG_WARN_INT_CONVERSION = YES;
				CLANG_WARN_OBJC_ROOT_CLASS = YES_ERROR;
				CLANG_WARN_UNREACHABLE_CODE = YES;
				CLANG_WARN__DUPLICATE_METHOD_MATCH = YES;
				"CODE_SIGN_IDENTITY[sdk=iphoneos*]" = "iPhone Developer";
				COPY_PHASE_STRIP = NO;
				DEBUG_INFORMATION_FORMAT = "dwarf-with-dsym";
				ENABLE_STRICT_OBJC_MSGSEND = YES;
				GCC_C_LANGUAGE_STANDARD = gnu99;
				GCC_DYNAMIC_NO_PIC = NO;
				GCC_NO_COMMON_BLOCKS = YES;
				GCC_OPTIMIZATION_LEVEL = 0;
				GCC_PREPROCESSOR_DEFINITIONS = (
					"DEBUG=1",
					"$(inherited)",
				);
				GCC_SYMBOLS_PRIVATE_EXTERN = NO;
				GCC_WARN_64_TO_32_BIT_CONVERSION = YES;
				GCC_WARN_ABOUT_RETURN_TYPE = YES_ERROR;
				GCC_WARN_UNDECLARED_SELECTOR = YES;
				GCC_WARN_UNINITIALIZED_AUTOS = YES_AGGRESSIVE;
				GCC_WARN_UNUSED_FUNCTION = YES;
				GCC_WARN_UNUSED_VARIABLE = YES;
				IPHONEOS_DEPLOYMENT_TARGET = 8.3;
				MTL_ENABLE_DEBUG_INFO = YES;
				ONLY_ACTIVE_ARCH = YES;
				SDKROOT = iphoneos;
			};
			name = Debug;
		};
		2D8B6DCB1B387E8A000375D7 /* Release */ = {
			isa = XCBuildConfiguration;
			buildSettings = {
				ALWAYS_SEARCH_USER_PATHS = NO;
				CLANG_CXX_LANGUAGE_STANDARD = "gnu++0x";
				CLANG_CXX_LIBRARY = "libc++";
				CLANG_ENABLE_MODULES = YES;
				CLANG_ENABLE_OBJC_ARC = YES;
				CLANG_WARN_BOOL_CONVERSION = YES;
				CLANG_WARN_CONSTANT_CONVERSION = YES;
				CLANG_WARN_DIRECT_OBJC_ISA_USAGE = YES_ERROR;
				CLANG_WARN_EMPTY_BODY = YES;
				CLANG_WARN_ENUM_CONVERSION = YES;
				CLANG_WARN_INT_CONVERSION = YES;
				CLANG_WARN_OBJC_ROOT_CLASS = YES_ERROR;
				CLANG_WARN_UNREACHABLE_CODE = YES;
				CLANG_WARN__DUPLICATE_METHOD_MATCH = YES;
				"CODE_SIGN_IDENTITY[sdk=iphoneos*]" = "iPhone Developer";
				COPY_PHASE_STRIP = NO;
				DEBUG_INFORMATION_FORMAT = "dwarf-with-dsym";
				ENABLE_NS_ASSERTIONS = NO;
				ENABLE_STRICT_OBJC_MSGSEND = YES;
				GCC_C_LANGUAGE_STANDARD = gnu99;
				GCC_NO_COMMON_BLOCKS = YES;
				GCC_WARN_64_TO_32_BIT_CONVERSION = YES;
				GCC_WARN_ABOUT_RETURN_TYPE = YES_ERROR;
				GCC_WARN_UNDECLARED_SELECTOR = YES;
				GCC_WARN_UNINITIALIZED_AUTOS = YES_AGGRESSIVE;
				GCC_WARN_UNUSED_FUNCTION = YES;
				GCC_WARN_UNUSED_VARIABLE = YES;
				IPHONEOS_DEPLOYMENT_TARGET = 8.3;
				MTL_ENABLE_DEBUG_INFO = NO;
				SDKROOT = iphoneos;
				VALIDATE_PRODUCT = YES;
			};
			name = Release;
		};
		2D8B6DCD1B387E8A000375D7 /* Debug */ = {
			isa = XCBuildConfiguration;
			buildSettings = {
				ASSETCATALOG_COMPILER_APPICON_NAME = AppIcon;
				INFOPLIST_FILE = AFContinuityNavigationController/Info.plist;
				LD_RUNPATH_SEARCH_PATHS = "$(inherited) @executable_path/Frameworks";
				PRODUCT_NAME = "$(TARGET_NAME)";
			};
			name = Debug;
		};
		2D8B6DCE1B387E8A000375D7 /* Release */ = {
			isa = XCBuildConfiguration;
			buildSettings = {
				ASSETCATALOG_COMPILER_APPICON_NAME = AppIcon;
				INFOPLIST_FILE = AFContinuityNavigationController/Info.plist;
				LD_RUNPATH_SEARCH_PATHS = "$(inherited) @executable_path/Frameworks";
				PRODUCT_NAME = "$(TARGET_NAME)";
			};
			name = Release;
		};
		2D8B6DD01B387E8A000375D7 /* Debug */ = {
			isa = XCBuildConfiguration;
			buildSettings = {
				BUNDLE_LOADER = "$(TEST_HOST)";
				FRAMEWORK_SEARCH_PATHS = (
					"$(SDKROOT)/Developer/Library/Frameworks",
					"$(inherited)",
				);
				GCC_PREPROCESSOR_DEFINITIONS = (
					"DEBUG=1",
					"$(inherited)",
				);
				INFOPLIST_FILE = AFContinuityNavigationControllerTests/Info.plist;
				LD_RUNPATH_SEARCH_PATHS = "$(inherited) @executable_path/Frameworks @loader_path/Frameworks";
				PRODUCT_NAME = "$(TARGET_NAME)";
				TEST_HOST = "$(BUILT_PRODUCTS_DIR)/AFContinuityNavigationController.app/AFContinuityNavigationController";
			};
			name = Debug;
		};
		2D8B6DD11B387E8A000375D7 /* Release */ = {
			isa = XCBuildConfiguration;
			buildSettings = {
				BUNDLE_LOADER = "$(TEST_HOST)";
				FRAMEWORK_SEARCH_PATHS = (
					"$(SDKROOT)/Developer/Library/Frameworks",
					"$(inherited)",
				);
				INFOPLIST_FILE = AFContinuityNavigationControllerTests/Info.plist;
				LD_RUNPATH_SEARCH_PATHS = "$(inherited) @executable_path/Frameworks @loader_path/Frameworks";
				PRODUCT_NAME = "$(TARGET_NAME)";
				TEST_HOST = "$(BUILT_PRODUCTS_DIR)/AFContinuityNavigationController.app/AFContinuityNavigationController";
			};
			name = Release;
		};
/* End XCBuildConfiguration section */

/* Begin XCConfigurationList section */
		2D8B6DA41B387E8A000375D7 /* Build configuration list for PBXProject "AFContinuityNavigationController" */ = {
			isa = XCConfigurationList;
			buildConfigurations = (
				2D8B6DCA1B387E8A000375D7 /* Debug */,
				2D8B6DCB1B387E8A000375D7 /* Release */,
			);
			defaultConfigurationIsVisible = 0;
			defaultConfigurationName = Release;
		};
		2D8B6DCC1B387E8A000375D7 /* Build configuration list for PBXNativeTarget "AFContinuityNavigationController" */ = {
			isa = XCConfigurationList;
			buildConfigurations = (
				2D8B6DCD1B387E8A000375D7 /* Debug */,
				2D8B6DCE1B387E8A000375D7 /* Release */,
			);
			defaultConfigurationIsVisible = 0;
		};
		2D8B6DCF1B387E8A000375D7 /* Build configuration list for PBXNativeTarget "AFContinuityNavigationControllerTests" */ = {
			isa = XCConfigurationList;
			buildConfigurations = (
				2D8B6DD01B387E8A000375D7 /* Debug */,
				2D8B6DD11B387E8A000375D7 /* Release */,
			);
			defaultConfigurationIsVisible = 0;
		};
/* End XCConfigurationList section */
	};
	rootObject = 2D8B6DA11B387E8A000375D7 /* Project object */;
}
